# THIS IS AN AUTOGENERATED FILE. DO NOT EDIT THIS FILE DIRECTLY.
# yarn lockfile v1


"@strapi/blocks-react-renderer@^1.0.1":
  version "1.0.1"
  resolved "https://registry.yarnpkg.com/@strapi/blocks-react-renderer/-/blocks-react-renderer-1.0.1.tgz#51b17b094203c5d820bba2a330b32a8d5f80de2f"
  integrity sha512-oHQNYstM/361oJIKrj6wDFZhDWHg8M8sF7SszqWr8zH2EaoL36ccLq7F2XFWShYQshuKgY+V6axurDaxWo4jQA==
